
Microsoft Visual Studio Solution File, Format Version 12.00
# Visual Studio Version 17
VisualStudioVersion = 17.1.32228.430
MinimumVisualStudioVersion = 10.0.40219.1
Project("{9A19103F-16F7-4668-BE54-9A1E7A4F7556}") = "DevIO.Data", "DevIO.Data\DevIO.Data.csproj", "{31856B55-99E5-4EBD-ABC1-98633D7715B3}"
EndProject
Project("{9A19103F-16F7-4668-BE54-9A1E7A4F7556}") = "DevIO.Api", "DevIO.Api\DevIO.Api.csproj", "{DF2BB885-C3DA-4727-815F-D6470E28D3F4}"
EndProject
Project("{9A19103F-16F7-4668-BE54-9A1E7A4F7556}") = "DevIO.Business", "DevIO.Business\DevIO.Business.csproj", "{07C06BCF-D698-41B0-9E5D-A2F2575EE04F}"
EndProject
Global
	GlobalSection(SolutionConfigurationPlatforms) = preSolution
		Debug|Any CPU = Debug|Any CPU
		Release|Any CPU = Release|Any CPU
	EndGlobalSection
	GlobalSection(ProjectConfigurationPlatforms) = postSolution
		{31856B55-99E5-4EBD-ABC1-98633D7715B3}.Debug|Any CPU.ActiveCfg = Debug|Any CPU
		{31856B55-99E5-4EBD-ABC1-98633D7715B3}.Debug|Any CPU.Build.0 = Debug|Any CPU
		{31856B55-99E5-4EBD-ABC1-98633D7715B3}.Release|Any CPU.ActiveCfg = Release|Any CPU
		{31856B55-99E5-4EBD-ABC1-98633D7715B3}.Release|Any CPU.Build.0 = Release|Any CPU
		{DF2BB885-C3DA-4727-815F-D6470E28D3F4}.Debug|Any CPU.ActiveCfg = Debug|Any CPU
		{DF2BB885-C3DA-4727-815F-D6470E28D3F4}.Debug|Any CPU.Build.0 = Debug|Any CPU
		{DF2BB885-C3DA-4727-815F-D6470E28D3F4}.Release|Any CPU.ActiveCfg = Release|Any CPU
		{DF2BB885-C3DA-4727-815F-D6470E28D3F4}.Release|Any CPU.Build.0 = Release|Any CPU
		{07C06BCF-D698-41B0-9E5D-A2F2575EE04F}.Debug|Any CPU.ActiveCfg = Debug|Any CPU
		{07C06BCF-D698-41B0-9E5D-A2F2575EE04F}.Debug|Any CPU.Build.0 = Debug|Any CPU
		{07C06BCF-D698-41B0-9E5D-A2F2575EE04F}.Release|Any CPU.ActiveCfg = Release|Any CPU
		{07C06BCF-D698-41B0-9E5D-A2F2575EE04F}.Release|Any CPU.Build.0 = Release|Any CPU
	EndGlobalSection
	GlobalSection(SolutionProperties) = preSolution
		HideSolutionNode = FALSE
	EndGlobalSection
	GlobalSection(ExtensibilityGlobals) = postSolution
		SolutionGuid = {4F7B6B00-1867-4744-82E0-568ADB20D308}
	EndGlobalSection
EndGlobal
